// !$*UTF8*$!
{
	archiveVersion = 1;
	classes = {
	};
	objectVersion = 46;
	objects = {

/* Begin PBXBuildFile section */
		57AB366F1D5BED5E00217529 /* main.m in Sources */ = {isa = PBXBuildFile; fileRef = 57AB366E1D5BED5E00217529 /* main.m */; };
		57AB36721D5BED5E00217529 /* AppDelegate.m in Sources */ = {isa = PBXBuildFile; fileRef = 57AB36711D5BED5E00217529 /* AppDelegate.m */; };
		57AB36751D5BED5E00217529 /* ViewController.m in Sources */ = {isa = PBXBuildFile; fileRef = 57AB36741D5BED5E00217529 /* ViewController.m */; };
		57AB36781D5BED5E00217529 /* Main.storyboard in Resources */ = {isa = PBXBuildFile; fileRef = 57AB36761D5BED5E00217529 /* Main.storyboard */; };
		57AB367B1D5BED5E00217529 /* AppContatoIOS.xcdatamodeld in Sources */ = {isa = PBXBuildFile; fileRef = 57AB36791D5BED5E00217529 /* AppContatoIOS.xcdatamodeld */; };
		57AB367D1D5BED5E00217529 /* Assets.xcassets in Resources */ = {isa = PBXBuildFile; fileRef = 57AB367C1D5BED5E00217529 /* Assets.xcassets */; };
		57AB36801D5BED5E00217529 /* LaunchScreen.storyboard in Resources */ = {isa = PBXBuildFile; fileRef = 57AB367E1D5BED5E00217529 /* LaunchScreen.storyboard */; };
		FA4F7B4F1DDB6E6D006757EC /* ContatoTableViewCell.m in Sources */ = {isa = PBXBuildFile; fileRef = FA4F7B4D1DDB6E6D006757EC /* ContatoTableViewCell.m */; };
		FA4F7B501DDB6E6D006757EC /* ContatoTableViewCell.xib in Resources */ = {isa = PBXBuildFile; fileRef = FA4F7B4E1DDB6E6D006757EC /* ContatoTableViewCell.xib */; };
		FA7966011E13C86D00E8039A /* MapaViewController.m in Sources */ = {isa = PBXBuildFile; fileRef = FA7966001E13C86D00E8039A /* MapaViewController.m */; };
		FA7966041E13CC6800E8039A /* MapKit.framework in Frameworks */ = {isa = PBXBuildFile; fileRef = FA7966031E13CC6800E8039A /* MapKit.framework */; };
		FA7966061E13CCB400E8039A /* CoreLocation.framework in Frameworks */ = {isa = PBXBuildFile; fileRef = FA7966051E13CC8800E8039A /* CoreLocation.framework */; };
		FAB850B71DC0C3B7001E2EF5 /* Contato+CoreDataClass.m in Sources */ = {isa = PBXBuildFile; fileRef = FAB850B41DC0C3B7001E2EF5 /* Contato+CoreDataClass.m */; };
		FAB850B81DC0C3B7001E2EF5 /* Contato+CoreDataProperties.m in Sources */ = {isa = PBXBuildFile; fileRef = FAB850B61DC0C3B7001E2EF5 /* Contato+CoreDataProperties.m */; };
		FAB850BB1DC0C800001E2EF5 /* ContatoTableViewController.m in Sources */ = {isa = PBXBuildFile; fileRef = FAB850BA1DC0C800001E2EF5 /* ContatoTableViewController.m */; };
		FAB850BD1DC0CFF1001E2EF5 /* users.json in Resources */ = {isa = PBXBuildFile; fileRef = FAB850BC1DC0CFF1001E2EF5 /* users.json */; };
		FACD2B791DC1137700A82784 /* formularioViewController.m in Sources */ = {isa = PBXBuildFile; fileRef = FACD2B781DC1137700A82784 /* formularioViewController.m */; };
		FAECABA11E01869C009A6E66 /* FormularioTableViewController.m in Sources */ = {isa = PBXBuildFile; fileRef = FAECABA01E01869C009A6E66 /* FormularioTableViewController.m */; };
/* End PBXBuildFile section */

/* Begin PBXFileReference section */
		57AB366A1D5BED5E00217529 /* AppContatoIOS.app */ = {isa = PBXFileReference; explicitFileType = wrapper.application; includeInIndex = 0; path = AppContatoIOS.app; sourceTree = BUILT_PRODUCTS_DIR; };
		57AB366E1D5BED5E00217529 /* main.m */ = {isa = PBXFileReference; lastKnownFileType = sourcecode.c.objc; path = main.m; sourceTree = "<group>"; };
		57AB36701D5BED5E00217529 /* AppDelegate.h */ = {isa = PBXFileReference; lastKnownFileType = sourcecode.c.h; path = AppDelegate.h; sourceTree = "<group>"; };
		57AB36711D5BED5E00217529 /* AppDelegate.m */ = {isa = PBXFileReference; lastKnownFileType = sourcecode.c.objc; path = AppDelegate.m; sourceTree = "<group>"; };
		57AB36731D5BED5E00217529 /* ViewController.h */ = {isa = PBXFileReference; lastKnownFileType = sourcecode.c.h; path = ViewController.h; sourceTree = "<group>"; };
		57AB36741D5BED5E00217529 /* ViewController.m */ = {isa = PBXFileReference; lastKnownFileType = sourcecode.c.objc; path = ViewController.m; sourceTree = "<group>"; };
		57AB36771D5BED5E00217529 /* Base */ = {isa = PBXFileReference; lastKnownFileType = file.storyboard; name = Base; path = Base.lproj/Main.storyboard; sourceTree = "<group>"; };
		57AB367A1D5BED5E00217529 /* AppContatoIOS.xcdatamodel */ = {isa = PBXFileReference; lastKnownFileType = wrapper.xcdatamodel; path = AppContatoIOS.xcdatamodel; sourceTree = "<group>"; };
		57AB367C1D5BED5E00217529 /* Assets.xcassets */ = {isa = PBXFileReference; lastKnownFileType = folder.assetcatalog; path = Assets.xcassets; sourceTree = "<group>"; };
		57AB367F1D5BED5E00217529 /* Base */ = {isa = PBXFileReference; lastKnownFileType = file.storyboard; name = Base; path = Base.lproj/LaunchScreen.storyboard; sourceTree = "<group>"; };
		57AB36811D5BED5E00217529 /* Info.plist */ = {isa = PBXFileReference; lastKnownFileType = text.plist.xml; path = Info.plist; sourceTree = "<group>"; };
		FA4F7B4C1DDB6E6C006757EC /* ContatoTableViewCell.h */ = {isa = PBXFileReference; fileEncoding = 4; lastKnownFileType = sourcecode.c.h; path = ContatoTableViewCell.h; sourceTree = "<group>"; };
		FA4F7B4D1DDB6E6D006757EC /* ContatoTableViewCell.m */ = {isa = PBXFileReference; fileEncoding = 4; lastKnownFileType = sourcecode.c.objc; path = ContatoTableViewCell.m; sourceTree = "<group>"; };
		FA4F7B4E1DDB6E6D006757EC /* ContatoTableViewCell.xib */ = {isa = PBXFileReference; fileEncoding = 4; lastKnownFileType = file.xib; path = ContatoTableViewCell.xib; sourceTree = "<group>"; };
		FA7965FF1E13C86D00E8039A /* MapaViewController.h */ = {isa = PBXFileReference; fileEncoding = 4; lastKnownFileType = sourcecode.c.h; path = MapaViewController.h; sourceTree = "<group>"; };
		FA7966001E13C86D00E8039A /* MapaViewController.m */ = {isa = PBXFileReference; fileEncoding = 4; lastKnownFileType = sourcecode.c.objc; path = MapaViewController.m; sourceTree = "<group>"; };
		FA7966031E13CC6800E8039A /* MapKit.framework */ = {isa = PBXFileReference; lastKnownFileType = wrapper.framework; name = MapKit.framework; path = System/Library/Frameworks/MapKit.framework; sourceTree = SDKROOT; };
		FA7966051E13CC8800E8039A /* CoreLocation.framework */ = {isa = PBXFileReference; lastKnownFileType = wrapper.framework; name = CoreLocation.framework; path = System/Library/Frameworks/CoreLocation.framework; sourceTree = SDKROOT; };
		FAB850B31DC0C3B7001E2EF5 /* Contato+CoreDataClass.h */ = {isa = PBXFileReference; fileEncoding = 4; lastKnownFileType = sourcecode.c.h; path = "Contato+CoreDataClass.h"; sourceTree = "<group>"; };
		FAB850B41DC0C3B7001E2EF5 /* Contato+CoreDataClass.m */ = {isa = PBXFileReference; fileEncoding = 4; lastKnownFileType = sourcecode.c.objc; path = "Contato+CoreDataClass.m"; sourceTree = "<group>"; };
		FAB850B51DC0C3B7001E2EF5 /* Contato+CoreDataProperties.h */ = {isa = PBXFileReference; fileEncoding = 4; lastKnownFileType = sourcecode.c.h; path = "Contato+CoreDataProperties.h"; sourceTree = "<group>"; };
		FAB850B61DC0C3B7001E2EF5 /* Contato+CoreDataProperties.m */ = {isa = PBXFileReference; fileEncoding = 4; lastKnownFileType = sourcecode.c.objc; path = "Contato+CoreDataProperties.m"; sourceTree = "<group>"; };
		FAB850B91DC0C800001E2EF5 /* ContatoTableViewController.h */ = {isa = PBXFileReference; fileEncoding = 4; lastKnownFileType = sourcecode.c.h; path = ContatoTableViewController.h; sourceTree = "<group>"; };
		FAB850BA1DC0C800001E2EF5 /* ContatoTableViewController.m */ = {isa = PBXFileReference; fileEncoding = 4; lastKnownFileType = sourcecode.c.objc; path = ContatoTableViewController.m; sourceTree = "<group>"; };
		FAB850BC1DC0CFF1001E2EF5 /* users.json */ = {isa = PBXFileReference; fileEncoding = 4; lastKnownFileType = text.json; path = users.json; sourceTree = "<group>"; };
		FACD2B771DC1137700A82784 /* formularioViewController.h */ = {isa = PBXFileReference; fileEncoding = 4; lastKnownFileType = sourcecode.c.h; path = formularioViewController.h; sourceTree = "<group>"; };
		FACD2B781DC1137700A82784 /* formularioViewController.m */ = {isa = PBXFileReference; fileEncoding = 4; lastKnownFileType = sourcecode.c.objc; path = formularioViewController.m; sourceTree = "<group>"; };
		FAECAB9F1E01869C009A6E66 /* FormularioTableViewController.h */ = {isa = PBXFileReference; fileEncoding = 4; lastKnownFileType = sourcecode.c.h; path = FormularioTableViewController.h; sourceTree = "<group>"; };
		FAECABA01E01869C009A6E66 /* FormularioTableViewController.m */ = {isa = PBXFileReference; fileEncoding = 4; lastKnownFileType = sourcecode.c.objc; path = FormularioTableViewController.m; sourceTree = "<group>"; };
/* End PBXFileReference section */

/* Begin PBXFrameworksBuildPhase section */
		57AB36671D5BED5E00217529 /* Frameworks */ = {
			isa = PBXFrameworksBuildPhase;
			buildActionMask = 2147483647;
			files = (
				FA7966061E13CCB400E8039A /* CoreLocation.framework in Frameworks */,
				FA7966041E13CC6800E8039A /* MapKit.framework in Frameworks */,
			);
			runOnlyForDeploymentPostprocessing = 0;
		};
/* End PBXFrameworksBuildPhase section */

/* Begin PBXGroup section */
		57AB36611D5BED5E00217529 = {
			isa = PBXGroup;
			children = (
				FAB850B91DC0C800001E2EF5 /* ContatoTableViewController.h */,
				FAB850BA1DC0C800001E2EF5 /* ContatoTableViewController.m */,
				FAB850B31DC0C3B7001E2EF5 /* Contato+CoreDataClass.h */,
				FAB850B41DC0C3B7001E2EF5 /* Contato+CoreDataClass.m */,
				FAB850B51DC0C3B7001E2EF5 /* Contato+CoreDataProperties.h */,
				FAB850B61DC0C3B7001E2EF5 /* Contato+CoreDataProperties.m */,
				57AB366C1D5BED5E00217529 /* AppContatoIOS */,
				57AB366B1D5BED5E00217529 /* Products */,
				FA7966021E13CC6800E8039A /* Frameworks */,
			);
			sourceTree = "<group>";
		};
		57AB366B1D5BED5E00217529 /* Products */ = {
			isa = PBXGroup;
			children = (
				57AB366A1D5BED5E00217529 /* AppContatoIOS.app */,
			);
			name = Products;
			sourceTree = "<group>";
		};
		57AB366C1D5BED5E00217529 /* AppContatoIOS */ = {
			isa = PBXGroup;
			children = (
				57AB36701D5BED5E00217529 /* AppDelegate.h */,
				57AB36711D5BED5E00217529 /* AppDelegate.m */,
				57AB36731D5BED5E00217529 /* ViewController.h */,
				57AB36741D5BED5E00217529 /* ViewController.m */,
				57AB36761D5BED5E00217529 /* Main.storyboard */,
				FA7965FF1E13C86D00E8039A /* MapaViewController.h */,
				FA7966001E13C86D00E8039A /* MapaViewController.m */,
				FAECAB9F1E01869C009A6E66 /* FormularioTableViewController.h */,
				FAECABA01E01869C009A6E66 /* FormularioTableViewController.m */,
				FA4F7B4C1DDB6E6C006757EC /* ContatoTableViewCell.h */,
				FA4F7B4D1DDB6E6D006757EC /* ContatoTableViewCell.m */,
				FA4F7B4E1DDB6E6D006757EC /* ContatoTableViewCell.xib */,
				FACD2B771DC1137700A82784 /* formularioViewController.h */,
				FACD2B781DC1137700A82784 /* formularioViewController.m */,
				57AB367C1D5BED5E00217529 /* Assets.xcassets */,
				57AB367E1D5BED5E00217529 /* LaunchScreen.storyboard */,
				57AB36811D5BED5E00217529 /* Info.plist */,
				57AB36791D5BED5E00217529 /* AppContatoIOS.xcdatamodeld */,
				57AB366D1D5BED5E00217529 /* Supporting Files */,
			);
			path = AppContatoIOS;
			sourceTree = "<group>";
		};
		57AB366D1D5BED5E00217529 /* Supporting Files */ = {
			isa = PBXGroup;
			children = (
				FAB850BC1DC0CFF1001E2EF5 /* users.json */,
				57AB366E1D5BED5E00217529 /* main.m */,
			);
			name = "Supporting Files";
			sourceTree = "<group>";
		};
		FA7966021E13CC6800E8039A /* Frameworks */ = {
			isa = PBXGroup;
			children = (
				FA7966051E13CC8800E8039A /* CoreLocation.framework */,
				FA7966031E13CC6800E8039A /* MapKit.framework */,
			);
			name = Frameworks;
			sourceTree = "<group>";
		};
/* End PBXGroup section */

/* Begin PBXNativeTarget section */
		57AB36691D5BED5E00217529 /* AppContatoIOS */ = {
			isa = PBXNativeTarget;
			buildConfigurationList = 57AB36841D5BED5E00217529 /* Build configuration list for PBXNativeTarget "AppContatoIOS" */;
			buildPhases = (
				57AB36661D5BED5E00217529 /* Sources */,
				57AB36671D5BED5E00217529 /* Frameworks */,
				57AB36681D5BED5E00217529 /* Resources */,
			);
			buildRules = (
			);
			dependencies = (
			);
			name = AppContatoIOS;
			productName = AppContatoIOS;
			productReference = 57AB366A1D5BED5E00217529 /* AppContatoIOS.app */;
			productType = "com.apple.product-type.application";
		};
/* End PBXNativeTarget section */

/* Begin PBXProject section */
		57AB36621D5BED5E00217529 /* Project object */ = {
			isa = PBXProject;
			attributes = {
				LastUpgradeCheck = 0800;
				ORGANIZATIONNAME = ALUNO;
				TargetAttributes = {
					57AB36691D5BED5E00217529 = {
						CreatedOnToolsVersion = 7.3.1;
						DevelopmentTeam = Y555J8GXQU;
					};
				};
			};
			buildConfigurationList = 57AB36651D5BED5E00217529 /* Build configuration list for PBXProject "AppContatoIOS" */;
			compatibilityVersion = "Xcode 3.2";
			developmentRegion = English;
			hasScannedForEncodings = 0;
			knownRegions = (
				en,
				Base,
			);
			mainGroup = 57AB36611D5BED5E00217529;
			productRefGroup = 57AB366B1D5BED5E00217529 /* Products */;
			projectDirPath = "";
			projectRoot = "";
			targets = (
				57AB36691D5BED5E00217529 /* AppContatoIOS */,
			);
		};
/* End PBXProject section */

/* Begin PBXResourcesBuildPhase section */
		57AB36681D5BED5E00217529 /* Resources */ = {
			isa = PBXResourcesBuildPhase;
			buildActionMask = 2147483647;
			files = (
				FAB850BD1DC0CFF1001E2EF5 /* users.json in Resources */,
				57AB36801D5BED5E00217529 /* LaunchScreen.storyboard in Resources */,
				57AB367D1D5BED5E00217529 /* Assets.xcassets in Resources */,
				57AB36781D5BED5E00217529 /* Main.storyboard in Resources */,
				FA4F7B501DDB6E6D006757EC /* ContatoTableViewCell.xib in Resources */,
			);
			runOnlyForDeploymentPostprocessing = 0;
		};
/* End PBXResourcesBuildPhase section */

/* Begin PBXSourcesBuildPhase section */
		57AB36661D5BED5E00217529 /* Sources */ = {
			isa = PBXSourcesBuildPhase;
			buildActionMask = 2147483647;
			files = (
				57AB36751D5BED5E00217529 /* ViewController.m in Sources */,
				FAB850BB1DC0C800001E2EF5 /* ContatoTableViewController.m in Sources */,
				FA7966011E13C86D00E8039A /* MapaViewController.m in Sources */,
				FAB850B81DC0C3B7001E2EF5 /* Contato+CoreDataProperties.m in Sources */,
				57AB36721D5BED5E00217529 /* AppDelegate.m in Sources */,
				FACD2B791DC1137700A82784 /* formularioViewController.m in Sources */,
				FA4F7B4F1DDB6E6D006757EC /* ContatoTableViewCell.m in Sources */,
				FAB850B71DC0C3B7001E2EF5 /* Contato+CoreDataClass.m in Sources */,
				FAECABA11E01869C009A6E66 /* FormularioTableViewController.m in Sources */,
				57AB367B1D5BED5E00217529 /* AppContatoIOS.xcdatamodeld in Sources */,
				57AB366F1D5BED5E00217529 /* main.m in Sources */,
			);
			runOnlyForDeploymentPostprocessing = 0;
		};
/* End PBXSourcesBuildPhase section */

/* Begin PBXVariantGroup section */
		57AB36761D5BED5E00217529 /* Main.storyboard */ = {
			isa = PBXVariantGroup;
			children = (
				57AB36771D5BED5E00217529 /* Base */,
			);
			name = Main.storyboard;
			sourceTree = "<group>";
		};
		57AB367E1D5BED5E00217529 /* LaunchScreen.storyboard */ = {
			isa = PBXVariantGroup;
			children = (
				57AB367F1D5BED5E00217529 /* Base */,
			);
			name = LaunchScreen.storyboard;
			sourceTree = "<group>";
		};
/* End PBXVariantGroup section */

/* Begin XCBuildConfiguration section */
		57AB36821D5BED5E00217529 /* Debug */ = {
			isa = XCBuildConfiguration;
			buildSettings = {
				ALWAYS_SEARCH_USER_PATHS = NO;
				CLANG_ANALYZER_NONNULL = YES;
				CLANG_CXX_LANGUAGE_STANDARD = "gnu++0x";
				CLANG_CXX_LIBRARY = "libc++";
				CLANG_ENABLE_MODULES = YES;
				CLANG_ENABLE_OBJC_ARC = YES;
				CLANG_WARN_BOOL_CONVERSION = YES;
				CLANG_WARN_CONSTANT_CONVERSION = YES;
				CLANG_WARN_DIRECT_OBJC_ISA_USAGE = YES_ERROR;
				CLANG_WARN_EMPTY_BODY = YES;
				CLANG_WARN_ENUM_CONVERSION = YES;
				CLANG_WARN_INFINITE_RECURSION = YES;
				CLANG_WARN_INT_CONVERSION = YES;
				CLANG_WARN_OBJC_ROOT_CLASS = YES_ERROR;
				CLANG_WARN_SUSPICIOUS_MOVE = YES;
				CLANG_WARN_UNREACHABLE_CODE = YES;
				CLANG_WARN__DUPLICATE_METHOD_MATCH = YES;
				"CODE_SIGN_IDENTITY[sdk=iphoneos*]" = "iPhone Developer";
				COPY_PHASE_STRIP = NO;
				DEBUG_INFORMATION_FORMAT = dwarf;
				ENABLE_STRICT_OBJC_MSGSEND = YES;
				ENABLE_TESTABILITY = YES;
				GCC_C_LANGUAGE_STANDARD = gnu99;
				GCC_DYNAMIC_NO_PIC = NO;
				GCC_NO_COMMON_BLOCKS = YES;
				GCC_OPTIMIZATION_LEVEL = 0;
				GCC_PREPROCESSOR_DEFINITIONS = (
					"DEBUG=1",
					"$(inherited)",
				);
				GCC_WARN_64_TO_32_BIT_CONVERSION = YES;
				GCC_WARN_ABOUT_RETURN_TYPE = YES_ERROR;
				GCC_WARN_UNDECLARED_SELECTOR = YES;
				GCC_WARN_UNINITIALIZED_AUTOS = YES_AGGRESSIVE;
				GCC_WARN_UNUSED_FUNCTION = YES;
				GCC_WARN_UNUSED_VARIABLE = YES;
				IPHONEOS_DEPLOYMENT_TARGET = 9.3;
				MTL_ENABLE_DEBUG_INFO = YES;
				ONLY_ACTIVE_ARCH = YES;
				SDKROOT = iphoneos;
				TARGETED_DEVICE_FAMILY = "1,2";
			};
			name = Debug;
		};
		57AB36831D5BED5E00217529 /* Release */ = {
			isa = XCBuildConfiguration;
			buildSettings = {
				ALWAYS_SEARCH_USER_PATHS = NO;
				CLANG_ANALYZER_NONNULL = YES;
				CLANG_CXX_LANGUAGE_STANDARD = "gnu++0x";
				CLANG_CXX_LIBRARY = "libc++";
				CLANG_ENABLE_MODULES = YES;
				CLANG_ENABLE_OBJC_ARC = YES;
				CLANG_WARN_BOOL_CONVERSION = YES;
				CLANG_WARN_CONSTANT_CONVERSION = YES;
				CLANG_WARN_DIRECT_OBJC_ISA_USAGE = YES_ERROR;
				CLANG_WARN_EMPTY_BODY = YES;
				CLANG_WARN_ENUM_CONVERSION = YES;
				CLANG_WARN_INFINITE_RECURSION = YES;
				CLANG_WARN_INT_CONVERSION = YES;
				CLANG_WARN_OBJC_ROOT_CLASS = YES_ERROR;
				CLANG_WARN_SUSPICIOUS_MOVE = YES;
				CLANG_WARN_UNREACHABLE_CODE = YES;
				CLANG_WARN__DUPLICATE_METHOD_MATCH = YES;
				"CODE_SIGN_IDENTITY[sdk=iphoneos*]" = "iPhone Developer";
				COPY_PHASE_STRIP = NO;
				DEBUG_INFORMATION_FORMAT = "dwarf-with-dsym";
				ENABLE_NS_ASSERTIONS = NO;
				ENABLE_STRICT_OBJC_MSGSEND = YES;
				GCC_C_LANGUAGE_STANDARD = gnu99;
				GCC_NO_COMMON_BLOCKS = YES;
				GCC_WARN_64_TO_32_BIT_CONVERSION = YES;
				GCC_WARN_ABOUT_RETURN_TYPE = YES_ERROR;
				GCC_WARN_UNDECLARED_SELECTOR = YES;
				GCC_WARN_UNINITIALIZED_AUTOS = YES_AGGRESSIVE;
				GCC_WARN_UNUSED_FUNCTION = YES;
				GCC_WARN_UNUSED_VARIABLE = YES;
				IPHONEOS_DEPLOYMENT_TARGET = 9.3;
				MTL_ENABLE_DEBUG_INFO = NO;
				SDKROOT = iphoneos;
				TARGETED_DEVICE_FAMILY = "1,2";
				VALIDATE_PRODUCT = YES;
			};
			name = Release;
		};
		57AB36851D5BED5E00217529 /* Debug */ = {
			isa = XCBuildConfiguration;
			buildSettings = {
				ASSETCATALOG_COMPILER_APPICON_NAME = AppIcon;
				DEVELOPMENT_TEAM = Y555J8GXQU;
				INFOPLIST_FILE = AppContatoIOS/Info.plist;
				LD_RUNPATH_SEARCH_PATHS = "$(inherited) @executable_path/Frameworks";
				PRODUCT_BUNDLE_IDENTIFIER = br.iesb.AppContatoIOS;
				PRODUCT_NAME = "$(TARGET_NAME)";
			};
			name = Debug;
		};
		57AB36861D5BED5E00217529 /* Release */ = {
			isa = XCBuildConfiguration;
			buildSettings = {
				ASSETCATALOG_COMPILER_APPICON_NAME = AppIcon;
				DEVELOPMENT_TEAM = Y555J8GXQU;
				INFOPLIST_FILE = AppContatoIOS/Info.plist;
				LD_RUNPATH_SEARCH_PATHS = "$(inherited) @executable_path/Frameworks";
				PRODUCT_BUNDLE_IDENTIFIER = br.iesb.AppContatoIOS;
				PRODUCT_NAME = "$(TARGET_NAME)";
			};
			name = Release;
		};
/* End XCBuildConfiguration section */

/* Begin XCConfigurationList section */
		57AB36651D5BED5E00217529 /* Build configuration list for PBXProject "AppContatoIOS" */ = {
			isa = XCConfigurationList;
			buildConfigurations = (
				57AB36821D5BED5E00217529 /* Debug */,
				57AB36831D5BED5E00217529 /* Release */,
			);
			defaultConfigurationIsVisible = 0;
			defaultConfigurationName = Release;
		};
		57AB36841D5BED5E00217529 /* Build configuration list for PBXNativeTarget "AppContatoIOS" */ = {
			isa = XCConfigurationList;
			buildConfigurations = (
				57AB36851D5BED5E00217529 /* Debug */,
				57AB36861D5BED5E00217529 /* Release */,
			);
			defaultConfigurationIsVisible = 0;
			defaultConfigurationName = Release;
		};
/* End XCConfigurationList section */

/* Begin XCVersionGroup section */
		57AB36791D5BED5E00217529 /* AppContatoIOS.xcdatamodeld */ = {
			isa = XCVersionGroup;
			children = (
				57AB367A1D5BED5E00217529 /* AppContatoIOS.xcdatamodel */,
			);
			currentVersion = 57AB367A1D5BED5E00217529 /* AppContatoIOS.xcdatamodel */;
			path = AppContatoIOS.xcdatamodeld;
			sourceTree = "<group>";
			versionGroupType = wrapper.xcdatamodel;
		};
/* End XCVersionGroup section */
	};
	rootObject = 57AB36621D5BED5E00217529 /* Project object */;
}
